<Solution>
  <Project Path="../BeautyCommerce.Application/BeautyCommerce.Application.csproj" />
  <Project Path="../BeautyCommerce.Domain/BeautyCommerce.Domain.csproj" />
  <Project Path="../BeautyCommerce.Infrastructure/BeautyCommerce.Infrastructure.csproj" />
  <Project Path="../BeautyCommerce.Tests/BeautyCommerce.Tests.csproj" Id="65032b29-56b5-41f4-93fd-871b5bfe2df7" />
  <Project Path="../BeautyCommerce.Web/" Type="Website" DisplayName="BeautyCommerce.Web">
    <BuildType Project="Debug" />
    <Properties Name="WebsiteProperties">
      <Property Name="Debug.AspNetCompiler.Debug" Value="&quot;True&quot;" />
      <Property Name="Debug.AspNetCompiler.FixedNames" Value="&quot;false&quot;" />
      <Property Name="Debug.AspNetCompiler.ForceOverwrite" Value="&quot;true&quot;" />
      <Property Name="Debug.AspNetCompiler.PhysicalPath" Value="&quot;..\BeautyCommerce.Web\&quot;" />
      <Property Name="Debug.AspNetCompiler.TargetPath" Value="&quot;PrecompiledWeb\localhost_54911\&quot;" />
      <Property Name="Debug.AspNetCompiler.Updateable" Value="&quot;true&quot;" />
      <Property Name="Debug.AspNetCompiler.VirtualPath" Value="&quot;/localhost_54911&quot;" />
      <Property Name="Release.AspNetCompiler.Debug" Value="&quot;False&quot;" />
      <Property Name="Release.AspNetCompiler.FixedNames" Value="&quot;false&quot;" />
      <Property Name="Release.AspNetCompiler.ForceOverwrite" Value="&quot;true&quot;" />
      <Property Name="Release.AspNetCompiler.PhysicalPath" Value="&quot;..\BeautyCommerce.Web\&quot;" />
      <Property Name="Release.AspNetCompiler.TargetPath" Value="&quot;PrecompiledWeb\localhost_54911\&quot;" />
      <Property Name="Release.AspNetCompiler.Updateable" Value="&quot;true&quot;" />
      <Property Name="Release.AspNetCompiler.VirtualPath" Value="&quot;/localhost_54911&quot;" />
      <Property Name="TargetFrameworkMoniker" Value="&quot;.NETFramework,Version%3Dv4.8.1&quot;" />
      <Property Name="VWDPort" Value="&quot;54911&quot;" />
    </Properties>
  </Project>
  <Project Path="BeautyCommerce.API.csproj" />
</Solution>
